
Microsoft Visual Studio Solution File, Format Version 12.00
# Visual Studio Version 17
VisualStudioVersion = 17.12.35707.178 d17.12
MinimumVisualStudioVersion = 10.0.40219.1
Project("{FAE04EC0-301F-11D3-BF4B-00C04F79EFBC}") = "Pam2", "Pam2\Pam2\Pam2.csproj", "{E7A8B3CB-00EE-41FB-8FDC-9D2A6A1AEFE3}"
EndProject
Project("{FAE04EC0-301F-11D3-BF4B-00C04F79EFBC}") = "Pam2.WinUI", "Pam2\Pam2.WinUI\Pam2.WinUI.csproj", "{429AAF6C-E7AF-4D92-91E6-9C738410AE14}"
EndProject
Global
	GlobalSection(SolutionConfigurationPlatforms) = preSolution
		Debug|Any CPU = Debug|Any CPU
		Release|Any CPU = Release|Any CPU
	EndGlobalSection
	GlobalSection(ProjectConfigurationPlatforms) = postSolution
		{E7A8B3CB-00EE-41FB-8FDC-9D2A6A1AEFE3}.Debug|Any CPU.ActiveCfg = Debug|Any CPU
		{E7A8B3CB-00EE-41FB-8FDC-9D2A6A1AEFE3}.Debug|Any CPU.Build.0 = Debug|Any CPU
		{E7A8B3CB-00EE-41FB-8FDC-9D2A6A1AEFE3}.Release|Any CPU.ActiveCfg = Release|Any CPU
		{E7A8B3CB-00EE-41FB-8FDC-9D2A6A1AEFE3}.Release|Any CPU.Build.0 = Release|Any CPU
		{429AAF6C-E7AF-4D92-91E6-9C738410AE14}.Debug|Any CPU.ActiveCfg = Debug|x64
		{429AAF6C-E7AF-4D92-91E6-9C738410AE14}.Debug|Any CPU.Build.0 = Debug|x64
		{429AAF6C-E7AF-4D92-91E6-9C738410AE14}.Release|Any CPU.ActiveCfg = Release|x64
		{429AAF6C-E7AF-4D92-91E6-9C738410AE14}.Release|Any CPU.Build.0 = Release|x64
	EndGlobalSection
	GlobalSection(SolutionProperties) = preSolution
		HideSolutionNode = FALSE
	EndGlobalSection
EndGlobal
